
Microsoft Visual Studio Solution File, Format Version 12.00
# Visual Studio Version 17
VisualStudioVersion = 17.6.33829.357
MinimumVisualStudioVersion = 10.0.40219.1
Project("{9A19103F-16F7-4668-BE54-9A1E7A4F7556}") = "Web", "Web.csproj", "{89533B2D-4B14-467E-984C-F6572D720604}"
EndProject
Project("{9A19103F-16F7-4668-BE54-9A1E7A4F7556}") = "MessageBusLib", "..\MessageBusLib\MessageBusLib.csproj", "{DABB44D6-704F-46AA-A0AC-FD079A80F243}"
EndProject
Project("{9A19103F-16F7-4668-BE54-9A1E7A4F7556}") = "ConsoleApp", "..\ConsoleApp\ConsoleApp.csproj", "{A51C9EFB-39D2-4BE1-824A-C34A0AB197E6}"
EndProject
Global
	GlobalSection(SolutionConfigurationPlatforms) = preSolution
		Debug|Any CPU = Debug|Any CPU
		Release|Any CPU = Release|Any CPU
	EndGlobalSection
	GlobalSection(ProjectConfigurationPlatforms) = postSolution
		{89533B2D-4B14-467E-984C-F6572D720604}.Debug|Any CPU.ActiveCfg = Debug|Any CPU
		{89533B2D-4B14-467E-984C-F6572D720604}.Debug|Any CPU.Build.0 = Debug|Any CPU
		{89533B2D-4B14-467E-984C-F6572D720604}.Release|Any CPU.ActiveCfg = Release|Any CPU
		{89533B2D-4B14-467E-984C-F6572D720604}.Release|Any CPU.Build.0 = Release|Any CPU
		{DABB44D6-704F-46AA-A0AC-FD079A80F243}.Debug|Any CPU.ActiveCfg = Debug|Any CPU
		{DABB44D6-704F-46AA-A0AC-FD079A80F243}.Debug|Any CPU.Build.0 = Debug|Any CPU
		{DABB44D6-704F-46AA-A0AC-FD079A80F243}.Release|Any CPU.ActiveCfg = Release|Any CPU
		{DABB44D6-704F-46AA-A0AC-FD079A80F243}.Release|Any CPU.Build.0 = Release|Any CPU
		{A51C9EFB-39D2-4BE1-824A-C34A0AB197E6}.Debug|Any CPU.ActiveCfg = Debug|Any CPU
		{A51C9EFB-39D2-4BE1-824A-C34A0AB197E6}.Debug|Any CPU.Build.0 = Debug|Any CPU
		{A51C9EFB-39D2-4BE1-824A-C34A0AB197E6}.Release|Any CPU.ActiveCfg = Release|Any CPU
		{A51C9EFB-39D2-4BE1-824A-C34A0AB197E6}.Release|Any CPU.Build.0 = Release|Any CPU
	EndGlobalSection
	GlobalSection(SolutionProperties) = preSolution
		HideSolutionNode = FALSE
	EndGlobalSection
	GlobalSection(ExtensibilityGlobals) = postSolution
		SolutionGuid = {18A7E31C-EC4C-44A2-BEE8-36AC280B2ED4}
	EndGlobalSection
EndGlobal
